
Microsoft Visual Studio Solution File, Format Version 12.00
# Visual Studio Version 17
VisualStudioVersion = 17.14.36623.8
MinimumVisualStudioVersion = 10.0.40219.1
Project("{2150E333-8FDC-42A3-9474-1A3956D46DE8}") = "Chapter00", "Chapter00", "{DDB4EF12-CC4E-5E88-E6FC-71A802F4DE97}"
EndProject
Project("{FAE04EC0-301F-11D3-BF4B-00C04F79EFBC}") = "Sample0416", "Chapter00\Sample0416\Sample0416.csproj", "{B3D3A39D-C0AF-48C5-8C7A-D7123790B862}"
EndProject
Project("{FAE04EC0-301F-11D3-BF4B-00C04F79EFBC}") = "Sample0415", "Chapter00\Sample0415\Sample0415\Sample0415.csproj", "{D0F00D84-AD20-C5D6-67FE-85D6CB59A7CE}"
EndProject
Project("{FAE04EC0-301F-11D3-BF4B-00C04F79EFBC}") = "Sample0413", "Chapter00\Sample0413\Sample0413\Sample0413.csproj", "{EB11C1AF-3BBE-9D8B-B13B-CEF382F22312}"
EndProject
Project("{2150E333-8FDC-42A3-9474-1A3956D46DE8}") = "Chapter01", "Chapter01", "{F0EF2737-DB4F-4A84-9D63-02F8C11FC399}"
EndProject
Project("{2150E333-8FDC-42A3-9474-1A3956D46DE8}") = "Chapter02", "Chapter02", "{63ACCFE8-41AE-4BDF-8537-2149A1941FC7}"
EndProject
Project("{2150E333-8FDC-42A3-9474-1A3956D46DE8}") = "距離換算プログラム", "距離換算プログラム", "{E0C7FB81-210A-4A09-8848-F50AEECB99AD}"
EndProject
Project("{FAE04EC0-301F-11D3-BF4B-00C04F79EFBC}") = "DistanceConverter", "Chapter02\距離換算プログラム\DistanceConverter\DistanceConverter.csproj", "{D5348F22-FCBE-463F-9182-9ECEFF1039C4}"
EndProject
Project("{2150E333-8FDC-42A3-9474-1A3956D46DE8}") = "Chapter04", "Chapter04", "{A23AF825-CB6D-4A4E-B33A-EC9511165F3B}"
EndProject
Project("{2150E333-8FDC-42A3-9474-1A3956D46DE8}") = "P108_文字列を数値に変換する", "P108_文字列を数値に変換する", "{4BB1BC93-6321-4537-84A4-39D3AEC85BE7}"
EndProject
Project("{FAE04EC0-301F-11D3-BF4B-00C04F79EFBC}") = "Code4_36", "Chapter04\文字列を数値に変換する\Code4_36\Code4_36.csproj", "{DF2D200C-9051-476E-A522-37D6BDB99E59}"
EndProject
Project("{2150E333-8FDC-42A3-9474-1A3956D46DE8}") = "売上集計プログラム", "売上集計プログラム", "{2F327431-D45A-4CA8-9239-5132A586C993}"
EndProject
Project("{FAE04EC0-301F-11D3-BF4B-00C04F79EFBC}") = "SalesCalculator", "Chapter02\売上集計プログラム\SalesCalculator\SalesCalculator.csproj", "{326AC0C7-B037-49D5-9391-DDEC2CF8C716}"
EndProject
Project("{2150E333-8FDC-42A3-9474-1A3956D46DE8}") = "演習問題", "演習問題", "{305B302F-6FDE-43FD-A096-D07F54B648A7}"
EndProject
Project("{FAE04EC0-301F-11D3-BF4B-00C04F79EFBC}") = "Exercise01", "Chapter02\演習問題\Exercise01\Exercise01.csproj", "{15C51FE0-4ADE-4ABE-948C-E2778793B872}"
EndProject
Project("{2150E333-8FDC-42A3-9474-1A3956D46DE8}") = "Chapter03", "Chapter03", "{2F29FB08-54DD-41DF-A29B-A07A7BED7408}"
EndProject
Project("{2150E333-8FDC-42A3-9474-1A3956D46DE8}") = "ラムダ式とLINQ", "ラムダ式とLINQ", "{D575A184-637D-437D-8BC2-FECA469C04DC}"
EndProject
Project("{FAE04EC0-301F-11D3-BF4B-00C04F79EFBC}") = "Section01", "Chapter03\ラムダ式とLINQ\Section01\Section01.csproj", "{BD251C86-9DCB-D52C-D711-57EDAD770B9E}"
EndProject
Project("{FAE04EC0-301F-11D3-BF4B-00C04F79EFBC}") = "Section4", "Chapter03\ラムダ式とLINQ\Section4\ConsoleApp1\Section4.csproj", "{5DD73DB1-CC48-4388-8CF2-5399DCEB50C5}"
EndProject
Project("{2150E333-8FDC-42A3-9474-1A3956D46DE8}") = "演習問題", "演習問題", "{5C9FB6A9-2D84-4EE9-90A3-68FB80E8616B}"
EndProject
Project("{FAE04EC0-301F-11D3-BF4B-00C04F79EFBC}") = "Exercise01", "Chapter03\演習問題\Exercise01\Exercise01.csproj", "{1DAA1D58-AAE1-46C5-A461-F27EAE22D03B}"
EndProject
Project("{FAE04EC0-301F-11D3-BF4B-00C04F79EFBC}") = "Exercise02", "Chapter03\演習問題\Exercise02\Exercise02.csproj", "{9661600F-9E2E-EC39-AFA2-64DBC15CE967}"
EndProject
Project("{2150E333-8FDC-42A3-9474-1A3956D46DE8}") = "nullに関するイディオム", "nullに関するイディオム", "{BE724587-6D50-4C60-8238-B0075FED074D}"
EndProject
Project("{FAE04EC0-301F-11D3-BF4B-00C04F79EFBC}") = "Section04", "Chapter04\nullに関するイディオム\Section04\Section04.csproj", "{2937B18A-4D4B-9DD7-BFE5-68F9F0D776E2}"
EndProject
Project("{2150E333-8FDC-42A3-9474-1A3956D46DE8}") = "演習問題", "演習問題", "{6F4FB3F4-FAED-4FB7-B33F-6B0C50B55533}"
EndProject
Project("{FAE04EC0-301F-11D3-BF4B-00C04F79EFBC}") = "Exercise01", "Chapter04\演習問題\Exercise01\Exercise01.csproj", "{4BB47130-C50B-4126-A7E0-184A14B1A6BF}"
EndProject
Project("{FAE04EC0-301F-11D3-BF4B-00C04F79EFBC}") = "Exercise02", "Chapter04\演習問題\Exercise02\Exercise02.csproj", "{C1D63E63-E64B-FCB7-4276-5EBCB0FEC291}"
EndProject
Project("{2150E333-8FDC-42A3-9474-1A3956D46DE8}") = "Chapter05", "Chapter05", "{35BCD176-E392-4E19-B2F9-34396BF52F8D}"
EndProject
Project("{2150E333-8FDC-42A3-9474-1A3956D46DE8}") = "プログラムに関するイディオム", "プログラムに関するイディオム", "{E5E7D25C-71CF-4A8E-99AB-AC49B4C1F34F}"
EndProject
Project("{FAE04EC0-301F-11D3-BF4B-00C04F79EFBC}") = "Section01", "Chapter05\プログラムに関するイディオム\Section01\Section01.csproj", "{30B72FD1-FA73-41BD-AC16-08FA8376D2F4}"
EndProject
Project("{2150E333-8FDC-42A3-9474-1A3956D46DE8}") = "メソッドに関するイディオム", "メソッドに関するイディオム", "{16E01C5A-2294-4B69-A2E8-71788D4C21FB}"
EndProject
Project("{FAE04EC0-301F-11D3-BF4B-00C04F79EFBC}") = "Section02", "Chapter05\メソッドに関するイディオム\Section02\Section02.csproj", "{E650F25D-980C-4D53-83DF-2784C38A131B}"
EndProject
Project("{2150E333-8FDC-42A3-9474-1A3956D46DE8}") = "演習問題", "演習問題", "{AB6B3B3A-1473-46B1-B86C-432745D0C6B1}"
EndProject
Project("{FAE04EC0-301F-11D3-BF4B-00C04F79EFBC}") = "Exercise01", "Chapter05\演習問題\Exercise01\Exercise01.csproj", "{E28C4A98-01A6-4AB1-A4BC-5C7D9653C347}"
EndProject
Project("{FAE04EC0-301F-11D3-BF4B-00C04F79EFBC}") = "Exercise02", "Chapter05\演習問題\Exercise02\Exercise02.csproj", "{A3ACA33D-6226-7668-2993-2FC9EA8C783B}"
EndProject
Project("{FAE04EC0-301F-11D3-BF4B-00C04F79EFBC}") = "Exercise03", "Chapter05\演習問題\Exercise03\Exercise03.csproj", "{34F72C96-5894-4D2A-9902-768CC9E4EC69}"
EndProject
Project("{2150E333-8FDC-42A3-9474-1A3956D46DE8}") = "Chapter06", "Chapter06", "{335734F3-AB94-43CA-87C7-A2B6B6D2AD80}"
EndProject
Project("{2150E333-8FDC-42A3-9474-1A3956D46DE8}") = "文字列の比較", "文字列の比較", "{816F26A0-EA07-4D2F-82F4-815ABE6412CA}"
EndProject
Project("{FAE04EC0-301F-11D3-BF4B-00C04F79EFBC}") = "Section01", "Chapter06\文字列の比較\Section01\Section01.csproj", "{DEF0857F-7F3D-4B22-B1C8-9ABD746521FE}"
EndProject
Project("{2150E333-8FDC-42A3-9474-1A3956D46DE8}") = "演習問題", "演習問題", "{C65C1707-CADD-4637-9456-1BC1972D370A}"
EndProject
Project("{FAE04EC0-301F-11D3-BF4B-00C04F79EFBC}") = "Exercise01", "Chapter06\演習問題\Exercise01\Exercise01.csproj", "{76A8F7A7-A6C6-4075-873A-B2B65FB818DA}"
EndProject
Project("{FAE04EC0-301F-11D3-BF4B-00C04F79EFBC}") = "Exercise02", "Chapter06\演習問題\Exercise02\Exercise02.csproj", "{2D4BD914-1A2D-471D-8F6D-CDA9FB4EC4C3}"
EndProject
Project("{FAE04EC0-301F-11D3-BF4B-00C04F79EFBC}") = "Exercise03", "Chapter06\演習問題\Exercise03\Exercise03.csproj", "{766DC129-B7E6-6BE5-67FF-02794A6C9D6A}"
EndProject
Project("{2150E333-8FDC-42A3-9474-1A3956D46DE8}") = "文字列の連結と分割", "文字列の連結と分割", "{6B40ADD1-C3E8-4FAC-AEF6-1DCED13BCBCE}"
EndProject
Project("{FAE04EC0-301F-11D3-BF4B-00C04F79EFBC}") = "Section05", "Chapter06\文字列の連結と分割\Section05\Section05.csproj", "{43C41A8F-0465-4E95-80FA-A612144E301E}"
EndProject
Project("{FAE04EC0-301F-11D3-BF4B-00C04F79EFBC}") = "Exercise04", "Chapter06\演習問題\Exercise04\Exercise04.csproj", "{8758FBDB-9295-0DA5-31B6-DA01667F06FB}"
EndProject
Project("{2150E333-8FDC-42A3-9474-1A3956D46DE8}") = "Chapter07", "Chapter07", "{10CC6B58-AD0F-4B04-86BA-274A96E4310C}"
EndProject
Project("{2150E333-8FDC-42A3-9474-1A3956D46DE8}") = "演習問題", "演習問題", "{E261FADB-EBD0-454A-B661-6D011E9E1CE0}"
EndProject
Project("{FAE04EC0-301F-11D3-BF4B-00C04F79EFBC}") = "Section01", "Chapter07\Section01\Section01.csproj", "{0271E187-F245-47A8-81CC-0785A89B4F75}"
EndProject
Project("{FAE04EC0-301F-11D3-BF4B-00C04F79EFBC}") = "Exercise01", "Chapter07\Exercise01\Exercise01\Exercise01.csproj", "{25800140-9E92-42FF-B396-C10905198C8E}"
EndProject
Project("{FAE04EC0-301F-11D3-BF4B-00C04F79EFBC}") = "Exercise02", "Chapter07\Exercise02\Exercise02.csproj", "{7310D30B-4423-D385-6C99-2ED29C98E755}"
EndProject
Project("{2150E333-8FDC-42A3-9474-1A3956D46DE8}") = "TestProject", "TestProject", "{25F593E5-59FD-4561-9B6C-EEB59242601B}"
EndProject
Project("{FAE04EC0-301F-11D3-BF4B-00C04F79EFBC}") = "Test01_01", "TestProject\Test01_01\Test01_01.csproj", "{B8441293-5D7D-B752-6216-4C5005BF772D}"
EndProject
Project("{FAE04EC0-301F-11D3-BF4B-00C04F79EFBC}") = "Test01_02", "TestProject\Test01_02\Test01_02.csproj", "{D7F347E4-C87C-CC1A-89F8-6D28A7CCB4B3}"
EndProject
Project("{2150E333-8FDC-42A3-9474-1A3956D46DE8}") = "Chapter08", "Chapter08", "{F4E441A3-61EC-4390-9E9C-CAC9F0D87236}"
EndProject
Project("{FAE04EC0-301F-11D3-BF4B-00C04F79EFBC}") = "Section01", "Chapter08\Section01\Section01\Section01.csproj", "{E1EEBA0F-BAF8-4887-B351-F7108EDC56A2}"
EndProject
Project("{FAE04EC0-301F-11D3-BF4B-00C04F79EFBC}") = "Section02", "Chapter08\Section02\Section02.csproj", "{8476FED2-186A-44AA-8EDC-E4E41096D3DC}"
EndProject
Project("{FAE04EC0-301F-11D3-BF4B-00C04F79EFBC}") = "Section03", "Chapter08\Section03\Section03.csproj", "{48DB7EC6-562B-4AF0-9FE8-2E57763FE784}"
EndProject
Project("{2150E333-8FDC-42A3-9474-1A3956D46DE8}") = "演習問題", "演習問題", "{69E3040F-DE75-4F5E-9C4D-4D2F30970AE3}"
EndProject
Project("{FAE04EC0-301F-11D3-BF4B-00C04F79EFBC}") = "Exercise01", "Chapter08\演習問題\Exercise01\Exercise01.csproj", "{853CA752-23F2-4DB5-BD2E-3EB045CBA0BA}"
EndProject
Project("{FAE04EC0-301F-11D3-BF4B-00C04F79EFBC}") = "Exercise02", "Chapter08\演習問題\Exercise02\Exercise02.csproj", "{06898B8A-CC27-A1B2-69C8-89831A372D7F}"
EndProject
Project("{2150E333-8FDC-42A3-9474-1A3956D46DE8}") = "Chapter09", "Chapter09", "{31B7EDB9-7913-4E9C-BBE5-2B588B068DA3}"
EndProject
Project("{FAE04EC0-301F-11D3-BF4B-00C04F79EFBC}") = "Section01", "Chapter09\Section01\Section01.csproj", "{D69E06F8-E4FF-48A3-906F-702B7E1E4761}"
EndProject
Global
	GlobalSection(SolutionConfigurationPlatforms) = preSolution
		Debug|Any CPU = Debug|Any CPU
		Release|Any CPU = Release|Any CPU
	EndGlobalSection
	GlobalSection(ProjectConfigurationPlatforms) = postSolution
		{B3D3A39D-C0AF-48C5-8C7A-D7123790B862}.Debug|Any CPU.ActiveCfg = Debug|Any CPU
		{B3D3A39D-C0AF-48C5-8C7A-D7123790B862}.Debug|Any CPU.Build.0 = Debug|Any CPU
		{B3D3A39D-C0AF-48C5-8C7A-D7123790B862}.Release|Any CPU.ActiveCfg = Release|Any CPU
		{B3D3A39D-C0AF-48C5-8C7A-D7123790B862}.Release|Any CPU.Build.0 = Release|Any CPU
		{D0F00D84-AD20-C5D6-67FE-85D6CB59A7CE}.Debug|Any CPU.ActiveCfg = Debug|Any CPU
		{D0F00D84-AD20-C5D6-67FE-85D6CB59A7CE}.Debug|Any CPU.Build.0 = Debug|Any CPU
		{D0F00D84-AD20-C5D6-67FE-85D6CB59A7CE}.Release|Any CPU.ActiveCfg = Release|Any CPU
		{D0F00D84-AD20-C5D6-67FE-85D6CB59A7CE}.Release|Any CPU.Build.0 = Release|Any CPU
		{EB11C1AF-3BBE-9D8B-B13B-CEF382F22312}.Debug|Any CPU.ActiveCfg = Debug|Any CPU
		{EB11C1AF-3BBE-9D8B-B13B-CEF382F22312}.Debug|Any CPU.Build.0 = Debug|Any CPU
		{EB11C1AF-3BBE-9D8B-B13B-CEF382F22312}.Release|Any CPU.ActiveCfg = Release|Any CPU
		{EB11C1AF-3BBE-9D8B-B13B-CEF382F22312}.Release|Any CPU.Build.0 = Release|Any CPU
		{D5348F22-FCBE-463F-9182-9ECEFF1039C4}.Debug|Any CPU.ActiveCfg = Debug|Any CPU
		{D5348F22-FCBE-463F-9182-9ECEFF1039C4}.Debug|Any CPU.Build.0 = Debug|Any CPU
		{D5348F22-FCBE-463F-9182-9ECEFF1039C4}.Release|Any CPU.ActiveCfg = Release|Any CPU
		{D5348F22-FCBE-463F-9182-9ECEFF1039C4}.Release|Any CPU.Build.0 = Release|Any CPU
		{DF2D200C-9051-476E-A522-37D6BDB99E59}.Debug|Any CPU.ActiveCfg = Debug|Any CPU
		{DF2D200C-9051-476E-A522-37D6BDB99E59}.Debug|Any CPU.Build.0 = Debug|Any CPU
		{DF2D200C-9051-476E-A522-37D6BDB99E59}.Release|Any CPU.ActiveCfg = Release|Any CPU
		{DF2D200C-9051-476E-A522-37D6BDB99E59}.Release|Any CPU.Build.0 = Release|Any CPU
		{326AC0C7-B037-49D5-9391-DDEC2CF8C716}.Debug|Any CPU.ActiveCfg = Debug|Any CPU
		{326AC0C7-B037-49D5-9391-DDEC2CF8C716}.Debug|Any CPU.Build.0 = Debug|Any CPU
		{326AC0C7-B037-49D5-9391-DDEC2CF8C716}.Release|Any CPU.ActiveCfg = Release|Any CPU
		{326AC0C7-B037-49D5-9391-DDEC2CF8C716}.Release|Any CPU.Build.0 = Release|Any CPU
		{15C51FE0-4ADE-4ABE-948C-E2778793B872}.Debug|Any CPU.ActiveCfg = Debug|Any CPU
		{15C51FE0-4ADE-4ABE-948C-E2778793B872}.Debug|Any CPU.Build.0 = Debug|Any CPU
		{15C51FE0-4ADE-4ABE-948C-E2778793B872}.Release|Any CPU.ActiveCfg = Release|Any CPU
		{15C51FE0-4ADE-4ABE-948C-E2778793B872}.Release|Any CPU.Build.0 = Release|Any CPU
		{BD251C86-9DCB-D52C-D711-57EDAD770B9E}.Debug|Any CPU.ActiveCfg = Debug|Any CPU
		{BD251C86-9DCB-D52C-D711-57EDAD770B9E}.Debug|Any CPU.Build.0 = Debug|Any CPU
		{BD251C86-9DCB-D52C-D711-57EDAD770B9E}.Release|Any CPU.ActiveCfg = Release|Any CPU
		{BD251C86-9DCB-D52C-D711-57EDAD770B9E}.Release|Any CPU.Build.0 = Release|Any CPU
		{5DD73DB1-CC48-4388-8CF2-5399DCEB50C5}.Debug|Any CPU.ActiveCfg = Debug|Any CPU
		{5DD73DB1-CC48-4388-8CF2-5399DCEB50C5}.Debug|Any CPU.Build.0 = Debug|Any CPU
		{5DD73DB1-CC48-4388-8CF2-5399DCEB50C5}.Release|Any CPU.ActiveCfg = Release|Any CPU
		{5DD73DB1-CC48-4388-8CF2-5399DCEB50C5}.Release|Any CPU.Build.0 = Release|Any CPU
		{1DAA1D58-AAE1-46C5-A461-F27EAE22D03B}.Debug|Any CPU.ActiveCfg = Debug|Any CPU
		{1DAA1D58-AAE1-46C5-A461-F27EAE22D03B}.Debug|Any CPU.Build.0 = Debug|Any CPU
		{1DAA1D58-AAE1-46C5-A461-F27EAE22D03B}.Release|Any CPU.ActiveCfg = Release|Any CPU
		{1DAA1D58-AAE1-46C5-A461-F27EAE22D03B}.Release|Any CPU.Build.0 = Release|Any CPU
		{9661600F-9E2E-EC39-AFA2-64DBC15CE967}.Debug|Any CPU.ActiveCfg = Debug|Any CPU
		{9661600F-9E2E-EC39-AFA2-64DBC15CE967}.Debug|Any CPU.Build.0 = Debug|Any CPU
		{9661600F-9E2E-EC39-AFA2-64DBC15CE967}.Release|Any CPU.ActiveCfg = Release|Any CPU
		{9661600F-9E2E-EC39-AFA2-64DBC15CE967}.Release|Any CPU.Build.0 = Release|Any CPU
		{2937B18A-4D4B-9DD7-BFE5-68F9F0D776E2}.Debug|Any CPU.ActiveCfg = Debug|Any CPU
		{2937B18A-4D4B-9DD7-BFE5-68F9F0D776E2}.Debug|Any CPU.Build.0 = Debug|Any CPU
		{2937B18A-4D4B-9DD7-BFE5-68F9F0D776E2}.Release|Any CPU.ActiveCfg = Release|Any CPU
		{2937B18A-4D4B-9DD7-BFE5-68F9F0D776E2}.Release|Any CPU.Build.0 = Release|Any CPU
		{4BB47130-C50B-4126-A7E0-184A14B1A6BF}.Debug|Any CPU.ActiveCfg = Debug|Any CPU
		{4BB47130-C50B-4126-A7E0-184A14B1A6BF}.Debug|Any CPU.Build.0 = Debug|Any CPU
		{4BB47130-C50B-4126-A7E0-184A14B1A6BF}.Release|Any CPU.ActiveCfg = Release|Any CPU
		{4BB47130-C50B-4126-A7E0-184A14B1A6BF}.Release|Any CPU.Build.0 = Release|Any CPU
		{C1D63E63-E64B-FCB7-4276-5EBCB0FEC291}.Debug|Any CPU.ActiveCfg = Debug|Any CPU
		{C1D63E63-E64B-FCB7-4276-5EBCB0FEC291}.Debug|Any CPU.Build.0 = Debug|Any CPU
		{C1D63E63-E64B-FCB7-4276-5EBCB0FEC291}.Release|Any CPU.ActiveCfg = Release|Any CPU
		{C1D63E63-E64B-FCB7-4276-5EBCB0FEC291}.Release|Any CPU.Build.0 = Release|Any CPU
		{30B72FD1-FA73-41BD-AC16-08FA8376D2F4}.Debug|Any CPU.ActiveCfg = Debug|Any CPU
		{30B72FD1-FA73-41BD-AC16-08FA8376D2F4}.Debug|Any CPU.Build.0 = Debug|Any CPU
		{30B72FD1-FA73-41BD-AC16-08FA8376D2F4}.Release|Any CPU.ActiveCfg = Release|Any CPU
		{30B72FD1-FA73-41BD-AC16-08FA8376D2F4}.Release|Any CPU.Build.0 = Release|Any CPU
		{E650F25D-980C-4D53-83DF-2784C38A131B}.Debug|Any CPU.ActiveCfg = Debug|Any CPU
		{E650F25D-980C-4D53-83DF-2784C38A131B}.Debug|Any CPU.Build.0 = Debug|Any CPU
		{E650F25D-980C-4D53-83DF-2784C38A131B}.Release|Any CPU.ActiveCfg = Release|Any CPU
		{E650F25D-980C-4D53-83DF-2784C38A131B}.Release|Any CPU.Build.0 = Release|Any CPU
		{E28C4A98-01A6-4AB1-A4BC-5C7D9653C347}.Debug|Any CPU.ActiveCfg = Debug|Any CPU
		{E28C4A98-01A6-4AB1-A4BC-5C7D9653C347}.Debug|Any CPU.Build.0 = Debug|Any CPU
		{E28C4A98-01A6-4AB1-A4BC-5C7D9653C347}.Release|Any CPU.ActiveCfg = Release|Any CPU
		{E28C4A98-01A6-4AB1-A4BC-5C7D9653C347}.Release|Any CPU.Build.0 = Release|Any CPU
		{A3ACA33D-6226-7668-2993-2FC9EA8C783B}.Debug|Any CPU.ActiveCfg = Debug|Any CPU
		{A3ACA33D-6226-7668-2993-2FC9EA8C783B}.Debug|Any CPU.Build.0 = Debug|Any CPU
		{A3ACA33D-6226-7668-2993-2FC9EA8C783B}.Release|Any CPU.ActiveCfg = Release|Any CPU
		{A3ACA33D-6226-7668-2993-2FC9EA8C783B}.Release|Any CPU.Build.0 = Release|Any CPU
		{34F72C96-5894-4D2A-9902-768CC9E4EC69}.Debug|Any CPU.ActiveCfg = Debug|Any CPU
		{34F72C96-5894-4D2A-9902-768CC9E4EC69}.Debug|Any CPU.Build.0 = Debug|Any CPU
		{34F72C96-5894-4D2A-9902-768CC9E4EC69}.Release|Any CPU.ActiveCfg = Release|Any CPU
		{34F72C96-5894-4D2A-9902-768CC9E4EC69}.Release|Any CPU.Build.0 = Release|Any CPU
		{DEF0857F-7F3D-4B22-B1C8-9ABD746521FE}.Debug|Any CPU.ActiveCfg = Debug|Any CPU
		{DEF0857F-7F3D-4B22-B1C8-9ABD746521FE}.Debug|Any CPU.Build.0 = Debug|Any CPU
		{DEF0857F-7F3D-4B22-B1C8-9ABD746521FE}.Release|Any CPU.ActiveCfg = Release|Any CPU
		{DEF0857F-7F3D-4B22-B1C8-9ABD746521FE}.Release|Any CPU.Build.0 = Release|Any CPU
		{76A8F7A7-A6C6-4075-873A-B2B65FB818DA}.Debug|Any CPU.ActiveCfg = Debug|Any CPU
		{76A8F7A7-A6C6-4075-873A-B2B65FB818DA}.Debug|Any CPU.Build.0 = Debug|Any CPU
		{76A8F7A7-A6C6-4075-873A-B2B65FB818DA}.Release|Any CPU.ActiveCfg = Release|Any CPU
		{76A8F7A7-A6C6-4075-873A-B2B65FB818DA}.Release|Any CPU.Build.0 = Release|Any CPU
		{2D4BD914-1A2D-471D-8F6D-CDA9FB4EC4C3}.Debug|Any CPU.ActiveCfg = Debug|Any CPU
		{2D4BD914-1A2D-471D-8F6D-CDA9FB4EC4C3}.Debug|Any CPU.Build.0 = Debug|Any CPU
		{2D4BD914-1A2D-471D-8F6D-CDA9FB4EC4C3}.Release|Any CPU.ActiveCfg = Release|Any CPU
		{2D4BD914-1A2D-471D-8F6D-CDA9FB4EC4C3}.Release|Any CPU.Build.0 = Release|Any CPU
		{766DC129-B7E6-6BE5-67FF-02794A6C9D6A}.Debug|Any CPU.ActiveCfg = Debug|Any CPU
		{766DC129-B7E6-6BE5-67FF-02794A6C9D6A}.Debug|Any CPU.Build.0 = Debug|Any CPU
		{766DC129-B7E6-6BE5-67FF-02794A6C9D6A}.Release|Any CPU.ActiveCfg = Release|Any CPU
		{766DC129-B7E6-6BE5-67FF-02794A6C9D6A}.Release|Any CPU.Build.0 = Release|Any CPU
		{43C41A8F-0465-4E95-80FA-A612144E301E}.Debug|Any CPU.ActiveCfg = Debug|Any CPU
		{43C41A8F-0465-4E95-80FA-A612144E301E}.Debug|Any CPU.Build.0 = Debug|Any CPU
		{43C41A8F-0465-4E95-80FA-A612144E301E}.Release|Any CPU.ActiveCfg = Release|Any CPU
		{43C41A8F-0465-4E95-80FA-A612144E301E}.Release|Any CPU.Build.0 = Release|Any CPU
		{8758FBDB-9295-0DA5-31B6-DA01667F06FB}.Debug|Any CPU.ActiveCfg = Debug|Any CPU
		{8758FBDB-9295-0DA5-31B6-DA01667F06FB}.Debug|Any CPU.Build.0 = Debug|Any CPU
		{8758FBDB-9295-0DA5-31B6-DA01667F06FB}.Release|Any CPU.ActiveCfg = Release|Any CPU
		{8758FBDB-9295-0DA5-31B6-DA01667F06FB}.Release|Any CPU.Build.0 = Release|Any CPU
		{0271E187-F245-47A8-81CC-0785A89B4F75}.Debug|Any CPU.ActiveCfg = Debug|Any CPU
		{0271E187-F245-47A8-81CC-0785A89B4F75}.Debug|Any CPU.Build.0 = Debug|Any CPU
		{0271E187-F245-47A8-81CC-0785A89B4F75}.Release|Any CPU.ActiveCfg = Release|Any CPU
		{0271E187-F245-47A8-81CC-0785A89B4F75}.Release|Any CPU.Build.0 = Release|Any CPU
		{25800140-9E92-42FF-B396-C10905198C8E}.Debug|Any CPU.ActiveCfg = Debug|Any CPU
		{25800140-9E92-42FF-B396-C10905198C8E}.Debug|Any CPU.Build.0 = Debug|Any CPU
		{25800140-9E92-42FF-B396-C10905198C8E}.Release|Any CPU.ActiveCfg = Release|Any CPU
		{25800140-9E92-42FF-B396-C10905198C8E}.Release|Any CPU.Build.0 = Release|Any CPU
		{7310D30B-4423-D385-6C99-2ED29C98E755}.Debug|Any CPU.ActiveCfg = Debug|Any CPU
		{7310D30B-4423-D385-6C99-2ED29C98E755}.Debug|Any CPU.Build.0 = Debug|Any CPU
		{7310D30B-4423-D385-6C99-2ED29C98E755}.Release|Any CPU.ActiveCfg = Release|Any CPU
		{7310D30B-4423-D385-6C99-2ED29C98E755}.Release|Any CPU.Build.0 = Release|Any CPU
		{B8441293-5D7D-B752-6216-4C5005BF772D}.Debug|Any CPU.ActiveCfg = Debug|Any CPU
		{B8441293-5D7D-B752-6216-4C5005BF772D}.Debug|Any CPU.Build.0 = Debug|Any CPU
		{B8441293-5D7D-B752-6216-4C5005BF772D}.Release|Any CPU.ActiveCfg = Release|Any CPU
		{B8441293-5D7D-B752-6216-4C5005BF772D}.Release|Any CPU.Build.0 = Release|Any CPU
		{D7F347E4-C87C-CC1A-89F8-6D28A7CCB4B3}.Debug|Any CPU.ActiveCfg = Debug|Any CPU
		{D7F347E4-C87C-CC1A-89F8-6D28A7CCB4B3}.Debug|Any CPU.Build.0 = Debug|Any CPU
		{D7F347E4-C87C-CC1A-89F8-6D28A7CCB4B3}.Release|Any CPU.ActiveCfg = Release|Any CPU
		{D7F347E4-C87C-CC1A-89F8-6D28A7CCB4B3}.Release|Any CPU.Build.0 = Release|Any CPU
		{E1EEBA0F-BAF8-4887-B351-F7108EDC56A2}.Debug|Any CPU.ActiveCfg = Debug|Any CPU
		{E1EEBA0F-BAF8-4887-B351-F7108EDC56A2}.Debug|Any CPU.Build.0 = Debug|Any CPU
		{E1EEBA0F-BAF8-4887-B351-F7108EDC56A2}.Release|Any CPU.ActiveCfg = Release|Any CPU
		{E1EEBA0F-BAF8-4887-B351-F7108EDC56A2}.Release|Any CPU.Build.0 = Release|Any CPU
		{8476FED2-186A-44AA-8EDC-E4E41096D3DC}.Debug|Any CPU.ActiveCfg = Debug|Any CPU
		{8476FED2-186A-44AA-8EDC-E4E41096D3DC}.Debug|Any CPU.Build.0 = Debug|Any CPU
		{8476FED2-186A-44AA-8EDC-E4E41096D3DC}.Release|Any CPU.ActiveCfg = Release|Any CPU
		{8476FED2-186A-44AA-8EDC-E4E41096D3DC}.Release|Any CPU.Build.0 = Release|Any CPU
		{48DB7EC6-562B-4AF0-9FE8-2E57763FE784}.Debug|Any CPU.ActiveCfg = Debug|Any CPU
		{48DB7EC6-562B-4AF0-9FE8-2E57763FE784}.Debug|Any CPU.Build.0 = Debug|Any CPU
		{48DB7EC6-562B-4AF0-9FE8-2E57763FE784}.Release|Any CPU.ActiveCfg = Release|Any CPU
		{48DB7EC6-562B-4AF0-9FE8-2E57763FE784}.Release|Any CPU.Build.0 = Release|Any CPU
		{853CA752-23F2-4DB5-BD2E-3EB045CBA0BA}.Debug|Any CPU.ActiveCfg = Debug|Any CPU
		{853CA752-23F2-4DB5-BD2E-3EB045CBA0BA}.Debug|Any CPU.Build.0 = Debug|Any CPU
		{853CA752-23F2-4DB5-BD2E-3EB045CBA0BA}.Release|Any CPU.ActiveCfg = Release|Any CPU
		{853CA752-23F2-4DB5-BD2E-3EB045CBA0BA}.Release|Any CPU.Build.0 = Release|Any CPU
		{06898B8A-CC27-A1B2-69C8-89831A372D7F}.Debug|Any CPU.ActiveCfg = Debug|Any CPU
		{06898B8A-CC27-A1B2-69C8-89831A372D7F}.Debug|Any CPU.Build.0 = Debug|Any CPU
		{06898B8A-CC27-A1B2-69C8-89831A372D7F}.Release|Any CPU.ActiveCfg = Release|Any CPU
		{06898B8A-CC27-A1B2-69C8-89831A372D7F}.Release|Any CPU.Build.0 = Release|Any CPU
		{D69E06F8-E4FF-48A3-906F-702B7E1E4761}.Debug|Any CPU.ActiveCfg = Debug|Any CPU
		{D69E06F8-E4FF-48A3-906F-702B7E1E4761}.Debug|Any CPU.Build.0 = Debug|Any CPU
		{D69E06F8-E4FF-48A3-906F-702B7E1E4761}.Release|Any CPU.ActiveCfg = Release|Any CPU
		{D69E06F8-E4FF-48A3-906F-702B7E1E4761}.Release|Any CPU.Build.0 = Release|Any CPU
	EndGlobalSection
	GlobalSection(SolutionProperties) = preSolution
		HideSolutionNode = FALSE
	EndGlobalSection
	GlobalSection(NestedProjects) = preSolution
		{B3D3A39D-C0AF-48C5-8C7A-D7123790B862} = {DDB4EF12-CC4E-5E88-E6FC-71A802F4DE97}
		{D0F00D84-AD20-C5D6-67FE-85D6CB59A7CE} = {DDB4EF12-CC4E-5E88-E6FC-71A802F4DE97}
		{EB11C1AF-3BBE-9D8B-B13B-CEF382F22312} = {DDB4EF12-CC4E-5E88-E6FC-71A802F4DE97}
		{E0C7FB81-210A-4A09-8848-F50AEECB99AD} = {63ACCFE8-41AE-4BDF-8537-2149A1941FC7}
		{D5348F22-FCBE-463F-9182-9ECEFF1039C4} = {E0C7FB81-210A-4A09-8848-F50AEECB99AD}
		{4BB1BC93-6321-4537-84A4-39D3AEC85BE7} = {A23AF825-CB6D-4A4E-B33A-EC9511165F3B}
		{DF2D200C-9051-476E-A522-37D6BDB99E59} = {4BB1BC93-6321-4537-84A4-39D3AEC85BE7}
		{2F327431-D45A-4CA8-9239-5132A586C993} = {63ACCFE8-41AE-4BDF-8537-2149A1941FC7}
		{326AC0C7-B037-49D5-9391-DDEC2CF8C716} = {2F327431-D45A-4CA8-9239-5132A586C993}
		{305B302F-6FDE-43FD-A096-D07F54B648A7} = {63ACCFE8-41AE-4BDF-8537-2149A1941FC7}
		{15C51FE0-4ADE-4ABE-948C-E2778793B872} = {305B302F-6FDE-43FD-A096-D07F54B648A7}
		{D575A184-637D-437D-8BC2-FECA469C04DC} = {2F29FB08-54DD-41DF-A29B-A07A7BED7408}
		{BD251C86-9DCB-D52C-D711-57EDAD770B9E} = {D575A184-637D-437D-8BC2-FECA469C04DC}
		{5DD73DB1-CC48-4388-8CF2-5399DCEB50C5} = {D575A184-637D-437D-8BC2-FECA469C04DC}
		{5C9FB6A9-2D84-4EE9-90A3-68FB80E8616B} = {2F29FB08-54DD-41DF-A29B-A07A7BED7408}
		{1DAA1D58-AAE1-46C5-A461-F27EAE22D03B} = {5C9FB6A9-2D84-4EE9-90A3-68FB80E8616B}
		{9661600F-9E2E-EC39-AFA2-64DBC15CE967} = {5C9FB6A9-2D84-4EE9-90A3-68FB80E8616B}
		{BE724587-6D50-4C60-8238-B0075FED074D} = {A23AF825-CB6D-4A4E-B33A-EC9511165F3B}
		{2937B18A-4D4B-9DD7-BFE5-68F9F0D776E2} = {BE724587-6D50-4C60-8238-B0075FED074D}
		{6F4FB3F4-FAED-4FB7-B33F-6B0C50B55533} = {A23AF825-CB6D-4A4E-B33A-EC9511165F3B}
		{4BB47130-C50B-4126-A7E0-184A14B1A6BF} = {6F4FB3F4-FAED-4FB7-B33F-6B0C50B55533}
		{C1D63E63-E64B-FCB7-4276-5EBCB0FEC291} = {6F4FB3F4-FAED-4FB7-B33F-6B0C50B55533}
		{E5E7D25C-71CF-4A8E-99AB-AC49B4C1F34F} = {35BCD176-E392-4E19-B2F9-34396BF52F8D}
		{30B72FD1-FA73-41BD-AC16-08FA8376D2F4} = {E5E7D25C-71CF-4A8E-99AB-AC49B4C1F34F}
		{16E01C5A-2294-4B69-A2E8-71788D4C21FB} = {E5E7D25C-71CF-4A8E-99AB-AC49B4C1F34F}
		{E650F25D-980C-4D53-83DF-2784C38A131B} = {16E01C5A-2294-4B69-A2E8-71788D4C21FB}
		{AB6B3B3A-1473-46B1-B86C-432745D0C6B1} = {35BCD176-E392-4E19-B2F9-34396BF52F8D}
		{E28C4A98-01A6-4AB1-A4BC-5C7D9653C347} = {AB6B3B3A-1473-46B1-B86C-432745D0C6B1}
		{A3ACA33D-6226-7668-2993-2FC9EA8C783B} = {AB6B3B3A-1473-46B1-B86C-432745D0C6B1}
		{34F72C96-5894-4D2A-9902-768CC9E4EC69} = {AB6B3B3A-1473-46B1-B86C-432745D0C6B1}
		{816F26A0-EA07-4D2F-82F4-815ABE6412CA} = {335734F3-AB94-43CA-87C7-A2B6B6D2AD80}
		{DEF0857F-7F3D-4B22-B1C8-9ABD746521FE} = {816F26A0-EA07-4D2F-82F4-815ABE6412CA}
		{C65C1707-CADD-4637-9456-1BC1972D370A} = {335734F3-AB94-43CA-87C7-A2B6B6D2AD80}
		{76A8F7A7-A6C6-4075-873A-B2B65FB818DA} = {C65C1707-CADD-4637-9456-1BC1972D370A}
		{2D4BD914-1A2D-471D-8F6D-CDA9FB4EC4C3} = {C65C1707-CADD-4637-9456-1BC1972D370A}
		{766DC129-B7E6-6BE5-67FF-02794A6C9D6A} = {C65C1707-CADD-4637-9456-1BC1972D370A}
		{6B40ADD1-C3E8-4FAC-AEF6-1DCED13BCBCE} = {335734F3-AB94-43CA-87C7-A2B6B6D2AD80}
		{43C41A8F-0465-4E95-80FA-A612144E301E} = {6B40ADD1-C3E8-4FAC-AEF6-1DCED13BCBCE}
		{8758FBDB-9295-0DA5-31B6-DA01667F06FB} = {C65C1707-CADD-4637-9456-1BC1972D370A}
		{E261FADB-EBD0-454A-B661-6D011E9E1CE0} = {10CC6B58-AD0F-4B04-86BA-274A96E4310C}
		{0271E187-F245-47A8-81CC-0785A89B4F75} = {10CC6B58-AD0F-4B04-86BA-274A96E4310C}
		{25800140-9E92-42FF-B396-C10905198C8E} = {E261FADB-EBD0-454A-B661-6D011E9E1CE0}
		{7310D30B-4423-D385-6C99-2ED29C98E755} = {E261FADB-EBD0-454A-B661-6D011E9E1CE0}
		{B8441293-5D7D-B752-6216-4C5005BF772D} = {25F593E5-59FD-4561-9B6C-EEB59242601B}
		{D7F347E4-C87C-CC1A-89F8-6D28A7CCB4B3} = {25F593E5-59FD-4561-9B6C-EEB59242601B}
		{E1EEBA0F-BAF8-4887-B351-F7108EDC56A2} = {F4E441A3-61EC-4390-9E9C-CAC9F0D87236}
		{8476FED2-186A-44AA-8EDC-E4E41096D3DC} = {F4E441A3-61EC-4390-9E9C-CAC9F0D87236}
		{48DB7EC6-562B-4AF0-9FE8-2E57763FE784} = {F4E441A3-61EC-4390-9E9C-CAC9F0D87236}
		{69E3040F-DE75-4F5E-9C4D-4D2F30970AE3} = {F4E441A3-61EC-4390-9E9C-CAC9F0D87236}
		{853CA752-23F2-4DB5-BD2E-3EB045CBA0BA} = {69E3040F-DE75-4F5E-9C4D-4D2F30970AE3}
		{06898B8A-CC27-A1B2-69C8-89831A372D7F} = {69E3040F-DE75-4F5E-9C4D-4D2F30970AE3}
		{D69E06F8-E4FF-48A3-906F-702B7E1E4761} = {31B7EDB9-7913-4E9C-BBE5-2B588B068DA3}
	EndGlobalSection
	GlobalSection(ExtensibilityGlobals) = postSolution
		SolutionGuid = {A1F3302B-0E47-460A-87E6-7AC9A9C81B80}
	EndGlobalSection
EndGlobal
